
Microsoft Visual Studio Solution File, Format Version 12.00
# Visual Studio Version 17
VisualStudioVersion = 17.11.35312.102
MinimumVisualStudioVersion = 10.0.40219.1
Project("{FAE04EC0-301F-11D3-BF4B-00C04F79EFBC}") = "VideoCutMarkerEncoder", "VideoCutMarkerEncoder\VideoCutMarkerEncoder.csproj", "{C569394C-B414-40F5-BFC3-3C397FE82253}"
EndProject
Global
	GlobalSection(SolutionConfigurationPlatforms) = preSolution
		Debug|Any CPU = Debug|Any CPU
		Release|Any CPU = Release|Any CPU
	EndGlobalSection
	GlobalSection(ProjectConfigurationPlatforms) = postSolution
		{C569394C-B414-40F5-BFC3-3C397FE82253}.Debug|Any CPU.ActiveCfg = Debug|Any CPU
		{C569394C-B414-40F5-BFC3-3C397FE82253}.Debug|Any CPU.Build.0 = Debug|Any CPU
		{C569394C-B414-40F5-BFC3-3C397FE82253}.Release|Any CPU.ActiveCfg = Release|Any CPU
		{C569394C-B414-40F5-BFC3-3C397FE82253}.Release|Any CPU.Build.0 = Release|Any CPU
	EndGlobalSection
	GlobalSection(SolutionProperties) = preSolution
		HideSolutionNode = FALSE
	EndGlobalSection
	GlobalSection(ExtensibilityGlobals) = postSolution
		SolutionGuid = {5DC8C056-4E05-4A98-B999-F717547BA0D6}
	EndGlobalSection
EndGlobal
